// !$*UTF8*$!
{
	archiveVersion = 1;
	classes = {
	};
	objectVersion = 46;
	objects = {

/* Begin PBXBuildFile section */
		190127F81C56DA3C009BAA7A /* AppDelegate.swift in Sources */ = {isa = PBXBuildFile; fileRef = 190127F71C56DA3C009BAA7A /* AppDelegate.swift */; };
		190127FA1C56DA3C009BAA7A /* ViewController.swift in Sources */ = {isa = PBXBuildFile; fileRef = 190127F91C56DA3C009BAA7A /* ViewController.swift */; };
		190127FD1C56DA3C009BAA7A /* Main.storyboard in Resources */ = {isa = PBXBuildFile; fileRef = 190127FB1C56DA3C009BAA7A /* Main.storyboard */; };
		190127FF1C56DA3C009BAA7A /* Assets.xcassets in Resources */ = {isa = PBXBuildFile; fileRef = 190127FE1C56DA3C009BAA7A /* Assets.xcassets */; };
		190128021C56DA3C009BAA7A /* LaunchScreen.storyboard in Resources */ = {isa = PBXBuildFile; fileRef = 190128001C56DA3C009BAA7A /* LaunchScreen.storyboard */; };
/* End PBXBuildFile section */

/* Begin PBXFileReference section */
		190127F41C56DA3C009BAA7A /* Poligram.app */ = {isa = PBXFileReference; explicitFileType = wrapper.application; includeInIndex = 0; path = Poligram.app; sourceTree = BUILT_PRODUCTS_DIR; };
		190127F71C56DA3C009BAA7A /* AppDelegate.swift */ = {isa = PBXFileReference; lastKnownFileType = sourcecode.swift; path = AppDelegate.swift; sourceTree = "<group>"; };
		190127F91C56DA3C009BAA7A /* ViewController.swift */ = {isa = PBXFileReference; lastKnownFileType = sourcecode.swift; path = ViewController.swift; sourceTree = "<group>"; };
		190127FC1C56DA3C009BAA7A /* Base */ = {isa = PBXFileReference; lastKnownFileType = file.storyboard; name = Base; path = Base.lproj/Main.storyboard; sourceTree = "<group>"; };
		190127FE1C56DA3C009BAA7A /* Assets.xcassets */ = {isa = PBXFileReference; lastKnownFileType = folder.assetcatalog; path = Assets.xcassets; sourceTree = "<group>"; };
		190128011C56DA3C009BAA7A /* Base */ = {isa = PBXFileReference; lastKnownFileType = file.storyboard; name = Base; path = Base.lproj/LaunchScreen.storyboard; sourceTree = "<group>"; };
		190128031C56DA3C009BAA7A /* Info.plist */ = {isa = PBXFileReference; lastKnownFileType = text.plist.xml; path = Info.plist; sourceTree = "<group>"; };
/* End PBXFileReference section */

/* Begin PBXFrameworksBuildPhase section */
		190127F11C56DA3C009BAA7A /* Frameworks */ = {
			isa = PBXFrameworksBuildPhase;
			buildActionMask = 2147483647;
			files = (
			);
			runOnlyForDeploymentPostprocessing = 0;
		};
/* End PBXFrameworksBuildPhase section */

/* Begin PBXGroup section */
		190127EB1C56DA3B009BAA7A = {
			isa = PBXGroup;
			children = (
				190127F61C56DA3C009BAA7A /* Poligram */,
				190127F51C56DA3C009BAA7A /* Products */,
			);
			sourceTree = "<group>";
		};
		190127F51C56DA3C009BAA7A /* Products */ = {
			isa = PBXGroup;
			children = (
				190127F41C56DA3C009BAA7A /* Poligram.app */,
			);
			name = Products;
			sourceTree = "<group>";
		};
		190127F61C56DA3C009BAA7A /* Poligram */ = {
			isa = PBXGroup;
			children = (
				190127F71C56DA3C009BAA7A /* AppDelegate.swift */,
				190127F91C56DA3C009BAA7A /* ViewController.swift */,
				190127FB1C56DA3C009BAA7A /* Main.storyboard */,
				190127FE1C56DA3C009BAA7A /* Assets.xcassets */,
				190128001C56DA3C009BAA7A /* LaunchScreen.storyboard */,
				190128031C56DA3C009BAA7A /* Info.plist */,
			);
			path = Poligram;
			sourceTree = "<group>";
		};
/* End PBXGroup section */

/* Begin PBXNativeTarget section */
		190127F31C56DA3C009BAA7A /* Poligram */ = {
			isa = PBXNativeTarget;
			buildConfigurationList = 190128061C56DA3C009BAA7A /* Build configuration list for PBXNativeTarget "Poligram" */;
			buildPhases = (
				190127F01C56DA3C009BAA7A /* Sources */,
				190127F11C56DA3C009BAA7A /* Frameworks */,
				190127F21C56DA3C009BAA7A /* Resources */,
			);
			buildRules = (
			);
			dependencies = (
			);
			name = Poligram;
			productName = Poligram;
			productReference = 190127F41C56DA3C009BAA7A /* Poligram.app */;
			productType = "com.apple.product-type.application";
		};
/* End PBXNativeTarget section */

/* Begin PBXProject section */
		190127EC1C56DA3B009BAA7A /* Project object */ = {
			isa = PBXProject;
			attributes = {
				LastSwiftUpdateCheck = 0720;
				LastUpgradeCheck = 0720;
				ORGANIZATIONNAME = Martins;
				TargetAttributes = {
					190127F31C56DA3C009BAA7A = {
						CreatedOnToolsVersion = 7.2;
					};
				};
			};
			buildConfigurationList = 190127EF1C56DA3B009BAA7A /* Build configuration list for PBXProject "Poligram" */;
			compatibilityVersion = "Xcode 3.2";
			developmentRegion = English;
			hasScannedForEncodings = 0;
			knownRegions = (
				en,
				Base,
			);
			mainGroup = 190127EB1C56DA3B009BAA7A;
			productRefGroup = 190127F51C56DA3C009BAA7A /* Products */;
			projectDirPath = "";
			projectRoot = "";
			targets = (
				190127F31C56DA3C009BAA7A /* Poligram */,
			);
		};
/* End PBXProject section */

/* Begin PBXResourcesBuildPhase section */
		190127F21C56DA3C009BAA7A /* Resources */ = {
			isa = PBXResourcesBuildPhase;
			buildActionMask = 2147483647;
			files = (
				190128021C56DA3C009BAA7A /* LaunchScreen.storyboard in Resources */,
				190127FF1C56DA3C009BAA7A /* Assets.xcassets in Resources */,
				190127FD1C56DA3C009BAA7A /* Main.storyboard in Resources */,
			);
			runOnlyForDeploymentPostprocessing = 0;
		};
/* End PBXResourcesBuildPhase section */

/* Begin PBXSourcesBuildPhase section */
		190127F01C56DA3C009BAA7A /* Sources */ = {
			isa = PBXSourcesBuildPhase;
			buildActionMask = 2147483647;
			files = (
				190127FA1C56DA3C009BAA7A /* ViewController.swift in Sources */,
				190127F81C56DA3C009BAA7A /* AppDelegate.swift in Sources */,
			);
			runOnlyForDeploymentPostprocessing = 0;
		};
/* End PBXSourcesBuildPhase section */

/* Begin PBXVariantGroup section */
		190127FB1C56DA3C009BAA7A /* Main.storyboard */ = {
			isa = PBXVariantGroup;
			children = (
				190127FC1C56DA3C009BAA7A /* Base */,
			);
			name = Main.storyboard;
			sourceTree = "<group>";
		};
		190128001C56DA3C009BAA7A /* LaunchScreen.storyboard */ = {
			isa = PBXVariantGroup;
			children = (
				190128011C56DA3C009BAA7A /* Base */,
			);
			name = LaunchScreen.storyboard;
			sourceTree = "<group>";
		};
/* End PBXVariantGroup section */

/* Begin XCBuildConfiguration section */
		190128041C56DA3C009BAA7A /* Debug */ = {
			isa = XCBuildConfiguration;
			buildSettings = {
				ALWAYS_SEARCH_USER_PATHS = NO;
				CLANG_CXX_LANGUAGE_STANDARD = "gnu++0x";
				CLANG_CXX_LIBRARY = "libc++";
				CLANG_ENABLE_MODULES = YES;
				CLANG_ENABLE_OBJC_ARC = YES;
				CLANG_WARN_BOOL_CONVERSION = YES;
				CLANG_WARN_CONSTANT_CONVERSION = YES;
				CLANG_WARN_DIRECT_OBJC_ISA_USAGE = YES_ERROR;
				CLANG_WARN_EMPTY_BODY = YES;
				CLANG_WARN_ENUM_CONVERSION = YES;
				CLANG_WARN_INT_CONVERSION = YES;
				CLANG_WARN_OBJC_ROOT_CLASS = YES_ERROR;
				CLANG_WARN_UNREACHABLE_CODE = YES;
				CLANG_WARN__DUPLICATE_METHOD_MATCH = YES;
				"CODE_SIGN_IDENTITY[sdk=iphoneos*]" = "iPhone Developer";
				COPY_PHASE_STRIP = NO;
				DEBUG_INFORMATION_FORMAT = dwarf;
				ENABLE_STRICT_OBJC_MSGSEND = YES;
				ENABLE_TESTABILITY = YES;
				GCC_C_LANGUAGE_STANDARD = gnu99;
				GCC_DYNAMIC_NO_PIC = NO;
				GCC_NO_COMMON_BLOCKS = YES;
				GCC_OPTIMIZATION_LEVEL = 0;
				GCC_PREPROCESSOR_DEFINITIONS = (
					"DEBUG=1",
					"$(inherited)",
				);
				GCC_WARN_64_TO_32_BIT_CONVERSION = YES;
				GCC_WARN_ABOUT_RETURN_TYPE = YES_ERROR;
				GCC_WARN_UNDECLARED_SELECTOR = YES;
				GCC_WARN_UNINITIALIZED_AUTOS = YES_AGGRESSIVE;
				GCC_WARN_UNUSED_FUNCTION = YES;
				GCC_WARN_UNUSED_VARIABLE = YES;
				IPHONEOS_DEPLOYMENT_TARGET = 9.2;
				MTL_ENABLE_DEBUG_INFO = YES;
				ONLY_ACTIVE_ARCH = YES;
				SDKROOT = iphoneos;
				SWIFT_OPTIMIZATION_LEVEL = "-Onone";
			};
			name = Debug;
		};
		190128051C56DA3C009BAA7A /* Release */ = {
			isa = XCBuildConfiguration;
			buildSettings = {
				ALWAYS_SEARCH_USER_PATHS = NO;
				CLANG_CXX_LANGUAGE_STANDARD = "gnu++0x";
				CLANG_CXX_LIBRARY = "libc++";
				CLANG_ENABLE_MODULES = YES;
				CLANG_ENABLE_OBJC_ARC = YES;
				CLANG_WARN_BOOL_CONVERSION = YES;
				CLANG_WARN_CONSTANT_CONVERSION = YES;
				CLANG_WARN_DIRECT_OBJC_ISA_USAGE = YES_ERROR;
				CLANG_WARN_EMPTY_BODY = YES;
				CLANG_WARN_ENUM_CONVERSION = YES;
				CLANG_WARN_INT_CONVERSION = YES;
				CLANG_WARN_OBJC_ROOT_CLASS = YES_ERROR;
				CLANG_WARN_UNREACHABLE_CODE = YES;
				CLANG_WARN__DUPLICATE_METHOD_MATCH = YES;
				"CODE_SIGN_IDENTITY[sdk=iphoneos*]" = "iPhone Developer";
				COPY_PHASE_STRIP = NO;
				DEBUG_INFORMATION_FORMAT = "dwarf-with-dsym";
				ENABLE_NS_ASSERTIONS = NO;
				ENABLE_STRICT_OBJC_MSGSEND = YES;
				GCC_C_LANGUAGE_STANDARD = gnu99;
				GCC_NO_COMMON_BLOCKS = YES;
				GCC_WARN_64_TO_32_BIT_CONVERSION = YES;
				GCC_WARN_ABOUT_RETURN_TYPE = YES_ERROR;
				GCC_WARN_UNDECLARED_SELECTOR = YES;
				GCC_WARN_UNINITIALIZED_AUTOS = YES_AGGRESSIVE;
				GCC_WARN_UNUSED_FUNCTION = YES;
				GCC_WARN_UNUSED_VARIABLE = YES;
				IPHONEOS_DEPLOYMENT_TARGET = 9.2;
				MTL_ENABLE_DEBUG_INFO = NO;
				SDKROOT = iphoneos;
				VALIDATE_PRODUCT = YES;
			};
			name = Release;
		};
		190128071C56DA3C009BAA7A /* Debug */ = {
			isa = XCBuildConfiguration;
			buildSettings = {
				ASSETCATALOG_COMPILER_APPICON_NAME = AppIcon;
				INFOPLIST_FILE = Poligram/Info.plist;
				LD_RUNPATH_SEARCH_PATHS = "$(inherited) @executable_path/Frameworks";
				PRODUCT_BUNDLE_IDENTIFIER = com.rpolicante.Poligram;
				PRODUCT_NAME = "$(TARGET_NAME)";
			};
			name = Debug;
		};
		190128081C56DA3C009BAA7A /* Release */ = {
			isa = XCBuildConfiguration;
			buildSettings = {
				ASSETCATALOG_COMPILER_APPICON_NAME = AppIcon;
				INFOPLIST_FILE = Poligram/Info.plist;
				LD_RUNPATH_SEARCH_PATHS = "$(inherited) @executable_path/Frameworks";
				PRODUCT_BUNDLE_IDENTIFIER = com.rpolicante.Poligram;
				PRODUCT_NAME = "$(TARGET_NAME)";
			};
			name = Release;
		};
/* End XCBuildConfiguration section */

/* Begin XCConfigurationList section */
		190127EF1C56DA3B009BAA7A /* Build configuration list for PBXProject "Poligram" */ = {
			isa = XCConfigurationList;
			buildConfigurations = (
				190128041C56DA3C009BAA7A /* Debug */,
				190128051C56DA3C009BAA7A /* Release */,
			);
			defaultConfigurationIsVisible = 0;
			defaultConfigurationName = Release;
		};
		190128061C56DA3C009BAA7A /* Build configuration list for PBXNativeTarget "Poligram" */ = {
			isa = XCConfigurationList;
			buildConfigurations = (
				190128071C56DA3C009BAA7A /* Debug */,
				190128081C56DA3C009BAA7A /* Release */,
			);
			defaultConfigurationIsVisible = 0;
		};
/* End XCConfigurationList section */
	};
	rootObject = 190127EC1C56DA3B009BAA7A /* Project object */;
}
